
Microsoft Visual Studio Solution File, Format Version 12.00
# Visual Studio 2013
VisualStudioVersion = 12.0.30501.0
MinimumVisualStudioVersion = 10.0.40219.1
Project("{070BCB52-5A75-4F8C-A973-144AF0EAFCC9}") = "MobileProject3", "MobileProject3\MobileProject3.iceproj", "{F56195F4-33AE-435D-99F5-7BD2C82D93DE}"
EndProject
Global
	GlobalSection(SolutionConfigurationPlatforms) = preSolution
		Debug|Any CPU = Debug|Any CPU
		Release|Any CPU = Release|Any CPU
	EndGlobalSection
	GlobalSection(ProjectConfigurationPlatforms) = postSolution
		{F56195F4-33AE-435D-99F5-7BD2C82D93DE}.Debug|Any CPU.ActiveCfg = Debug|Any CPU
		{F56195F4-33AE-435D-99F5-7BD2C82D93DE}.Debug|Any CPU.Build.0 = Debug|Any CPU
		{F56195F4-33AE-435D-99F5-7BD2C82D93DE}.Release|Any CPU.ActiveCfg = Release|Any CPU
		{F56195F4-33AE-435D-99F5-7BD2C82D93DE}.Release|Any CPU.Build.0 = Release|Any CPU
	EndGlobalSection
	GlobalSection(SolutionProperties) = preSolution
		HideSolutionNode = FALSE
	EndGlobalSection
EndGlobal
